<?xml version="1.0" encoding="utf-8"?>
<Project ToolsVersion="4.0" xmlns="http://schemas.microsoft.com/developer/msbuild/2003">
  <ItemGroup>
    <Filter Include="Source Files">
      <UniqueIdentifier>{4FC737F1-C7A5-4376-A066-2A32D752A2FF}</UniqueIdentifier>
      <Extensions>cpp;c;cc;cxx;def;odl;idl;hpj;bat;asm;asmx</Extensions>
    </Filter>
    <Filter Include="Header Files">
      <UniqueIdentifier>{93995380-89BD-4b04-88EB-625FBE52EBFB}</UniqueIdentifier>
      <Extensions>h;hh;hpp;hxx;hm;inl;inc;xsd</Extensions>
    </Filter>
    <Filter Include="Resource Files">
      <UniqueIdentifier>{67DA6AB6-F800-4c08-8B7A-83BB121AAD01}</UniqueIdentifier>
      <Extensions>rc;ico;cur;bmp;dlg;rc2;rct;bin;rgs;gif;jpg;jpeg;jpe;resx;tiff;tif;png;wav;mfcribbon-ms</Extensions>
    </Filter>
  </ItemGroup>
  <ItemGroup>
    <None Include="library.properties" />
    <None Include="src\Libraries\SSD1306\license" />
    <None Include="src\Libraries\BME280\_library.origin.txt" />
    <None Include="src\Libraries\HDC1080\_library.origin.txt" />
    <None Include="src\Libraries\IrRemote\README.md" />
    <None Include="src\Libraries\IrRemote\.travis.yml" />
    <None Include="src\Libraries\IrRemote\arduino-irremote.sublime-workspace" />
    <None Include="src\Libraries\IrRemote\changelog.md" />
    <None Include="src\Libraries\IrRemote\Contributing.md" />
    <None Include="src\Libraries\IrRemote\Contributors.md" />
    <None Include="src\Libraries\IrRemote\ISSUE_TEMPLATE.md" />
    <None Include="src\Libraries\IrRemote\library.json" />
    <None Include="src\Libraries\IrRemote\library.properties" />
    <None Include="src\Libraries\IrRemote\readmdFrench.md" />
    <None Include="src\Libraries\FastLED\.gitignore" />
    <None Include="src\Libraries\FastLED\component.mk" />
    <None Include="src\Libraries\FastLED\library.json" />
    <None Include="src\Libraries\FastLED\library.properties" />
    <None Include="src\Libraries\FastLED\LICENSE" />
    <None Include="src\Libraries\FastLED\PORTING.md" />
    <None Include="src\Libraries\FastLED\README.md" />
    <None Include="src\Libraries\FastLED\release_notes.md" />
    <None Include="src\Libraries\DallasTemperature\README.md" />
    <None Include="src\Libraries\DallasTemperature\library.json" />
    <None Include="src\Libraries\DallasTemperature\library.properties" />
    <None Include="src\Libraries\OneWire\library.json" />
    <None Include="src\Libraries\OneWire\library.properties" />
  </ItemGroup>
  <ItemGroup>
    <ClCompile Include="src\ClapSensor.cpp">
      <Filter>Source Files</Filter>
    </ClCompile>
    <ClCompile Include="src\DebugNodesModule.cpp">
      <Filter>Source Files</Filter>
    </ClCompile>
    <ClCompile Include="src\LedMatrixUi.cpp">
      <Filter>Source Files</Filter>
    </ClCompile>
    <ClCompile Include="src\NeoPixelModule.cpp">
      <Filter>Source Files</Filter>
    </ClCompile>
    <ClCompile Include="src\PwmModule.cpp">
      <Filter>Source Files</Filter>
    </ClCompile>
    <ClCompile Include="src\RadioRemoteModule.cpp">
      <Filter>Source Files</Filter>
    </ClCompile>
    <ClCompile Include="src\TemperatureModule.cpp">
      <Filter>Source Files</Filter>
    </ClCompile>
    <ClCompile Include="src\WolModule.cpp">
      <Filter>Source Files</Filter>
    </ClCompile>
    <ClCompile Include="src\Libraries\Adafruit_PWMServoDriver.cpp">
      <Filter>Source Files</Filter>
    </ClCompile>
    <ClCompile Include="src\Libraries\LedMatrix.cpp">
      <Filter>Source Files</Filter>
    </ClCompile>
    <ClCompile Include="src\Libraries\OrnoGb405Remote.cpp">
      <Filter>Source Files</Filter>
    </ClCompile>
    <ClCompile Include="src\Libraries\OrnoSmartLivingRemote.cpp">
      <Filter>Source Files</Filter>
    </ClCompile>
    <ClCompile Include="src\Libraries\RcSwitchPatched\RCSwitch.cpp">
      <Filter>Source Files</Filter>
    </ClCompile>
    <ClCompile Include="src\Libraries\OrnoGb417PbRemote.cpp">
      <Filter>Source Files</Filter>
    </ClCompile>
    <ClCompile Include="src\HumidityModule.cpp">
      <Filter>Source Files</Filter>
    </ClCompile>
    <ClCompile Include="src\Libraries\DHT\DHTesp.cpp">
      <Filter>Source Files</Filter>
    </ClCompile>
    <ClCompile Include="src\Libraries\DHT\DHT.cpp">
      <Filter>Source Files</Filter>
    </ClCompile>
    <ClCompile Include="src\DisplayModule.cpp">
      <Filter>Source Files</Filter>
    </ClCompile>
    <ClCompile Include="src\Libraries\SSD1306\OLEDDisplay.cpp">
      <Filter>Source Files</Filter>
    </ClCompile>
    <ClCompile Include="src\Libraries\SSD1306\OLEDDisplayUi.cpp">
      <Filter>Source Files</Filter>
    </ClCompile>
    <ClCompile Include="src\Bme280Module.cpp">
      <Filter>Source Files</Filter>
    </ClCompile>
    <ClCompile Include="src\FastLedModule.cpp">
      <Filter>Source Files</Filter>
    </ClCompile>
    <ClCompile Include="src\Libraries\BH1750\ErriezBH1750.cpp">
      <Filter>Source Files</Filter>
    </ClCompile>
    <ClCompile Include="src\Bh1750Module.cpp">
      <Filter>Source Files</Filter>
    </ClCompile>
    <ClCompile Include="src\Libraries\BME280\BME280.cpp">
      <Filter>Source Files</Filter>
    </ClCompile>
    <ClCompile Include="src\Libraries\BME280\BME280I2C.cpp">
      <Filter>Source Files</Filter>
    </ClCompile>
    <ClCompile Include="src\Libraries\Ccs811\SparkFunCCS811.cpp">
      <Filter>Source Files</Filter>
    </ClCompile>
    <ClCompile Include="src\Ccs811Module.cpp">
      <Filter>Source Files</Filter>
    </ClCompile>
    <ClCompile Include="src\Libraries\HDC1080\ClosedCube_HDC1080.cpp">
      <Filter>Source Files</Filter>
    </ClCompile>
    <ClCompile Include="src\Hdc1080Module.cpp">
      <Filter>Source Files</Filter>
    </ClCompile>
    <ClCompile Include="src\IrModule.cpp">
      <Filter>Source Files</Filter>
    </ClCompile>
    <ClCompile Include="src\Libraries\IrRemote\ir_Aiwa.cpp">
      <Filter>Source Files</Filter>
    </ClCompile>
    <ClCompile Include="src\Libraries\IrRemote\ir_Denon.cpp">
      <Filter>Source Files</Filter>
    </ClCompile>
    <ClCompile Include="src\Libraries\IrRemote\ir_Dish.cpp">
      <Filter>Source Files</Filter>
    </ClCompile>
    <ClCompile Include="src\Libraries\IrRemote\ir_JVC.cpp">
      <Filter>Source Files</Filter>
    </ClCompile>
    <ClCompile Include="src\Libraries\IrRemote\ir_Lego_PF.cpp">
      <Filter>Source Files</Filter>
    </ClCompile>
    <ClCompile Include="src\Libraries\IrRemote\ir_LG.cpp">
      <Filter>Source Files</Filter>
    </ClCompile>
    <ClCompile Include="src\Libraries\IrRemote\ir_Mitsubishi.cpp">
      <Filter>Source Files</Filter>
    </ClCompile>
    <ClCompile Include="src\Libraries\IrRemote\ir_NEC.cpp">
      <Filter>Source Files</Filter>
    </ClCompile>
    <ClCompile Include="src\Libraries\IrRemote\ir_Panasonic.cpp">
      <Filter>Source Files</Filter>
    </ClCompile>
    <ClCompile Include="src\Libraries\IrRemote\ir_RC5_RC6.cpp">
      <Filter>Source Files</Filter>
    </ClCompile>
    <ClCompile Include="src\Libraries\IrRemote\ir_Samsung.cpp">
      <Filter>Source Files</Filter>
    </ClCompile>
    <ClCompile Include="src\Libraries\IrRemote\ir_Sanyo.cpp">
      <Filter>Source Files</Filter>
    </ClCompile>
    <ClCompile Include="src\Libraries\IrRemote\ir_Sharp.cpp">
      <Filter>Source Files</Filter>
    </ClCompile>
    <ClCompile Include="src\Libraries\IrRemote\ir_Sony.cpp">
      <Filter>Source Files</Filter>
    </ClCompile>
    <ClCompile Include="src\Libraries\IrRemote\ir_Template.cpp">
      <Filter>Source Files</Filter>
    </ClCompile>
    <ClCompile Include="src\Libraries\IrRemote\ir_Whynter.cpp">
      <Filter>Source Files</Filter>
    </ClCompile>
    <ClCompile Include="src\Libraries\IrRemote\irPronto.cpp">
      <Filter>Source Files</Filter>
    </ClCompile>
    <ClCompile Include="src\Libraries\IrRemote\irRecv.cpp">
      <Filter>Source Files</Filter>
    </ClCompile>
    <ClCompile Include="src\Libraries\IrRemote\IRremote.cpp">
      <Filter>Source Files</Filter>
    </ClCompile>
    <ClCompile Include="src\Libraries\IrRemote\irSend.cpp">
      <Filter>Source Files</Filter>
    </ClCompile>
    <ClCompile Include="src\Sds011Module.cpp">
      <Filter>Source Files</Filter>
    </ClCompile>
    <ClCompile Include="src\Libraries\Sds011\SDS011.cpp">
      <Filter>Source Files</Filter>
    </ClCompile>
    <ClCompile Include="src\Libraries\FastLED\bitswap.cpp">
      <Filter>Source Files</Filter>
    </ClCompile>
    <ClCompile Include="src\Libraries\FastLED\colorpalettes.cpp">
      <Filter>Source Files</Filter>
    </ClCompile>
    <ClCompile Include="src\Libraries\FastLED\colorutils.cpp">
      <Filter>Source Files</Filter>
    </ClCompile>
    <ClCompile Include="src\Libraries\FastLED\FastLED.cpp">
      <Filter>Source Files</Filter>
    </ClCompile>
    <ClCompile Include="src\Libraries\FastLED\hsv2rgb.cpp">
      <Filter>Source Files</Filter>
    </ClCompile>
    <ClCompile Include="src\Libraries\FastLED\lib8tion.cpp">
      <Filter>Source Files</Filter>
    </ClCompile>
    <ClCompile Include="src\Libraries\FastLED\noise.cpp">
      <Filter>Source Files</Filter>
    </ClCompile>
    <ClCompile Include="src\Libraries\FastLED\platforms.cpp">
      <Filter>Source Files</Filter>
    </ClCompile>
    <ClCompile Include="src\Libraries\FastLED\power_mgt.cpp">
      <Filter>Source Files</Filter>
    </ClCompile>
    <ClCompile Include="src\Libraries\FastLED\wiring.cpp">
      <Filter>Source Files</Filter>
    </ClCompile>
    <ClCompile Include="src\Libraries\DallasTemperature\DallasTemperature.cpp">
      <Filter>Source Files</Filter>
    </ClCompile>
    <ClCompile Include="src\Libraries\OneWire\OneWire.cpp">
      <Filter>Source Files</Filter>
    </ClCompile>
  </ItemGroup>
  <ItemGroup>
    <ClInclude Include="src\ClapSensor.h">
      <Filter>Header Files</Filter>
    </ClInclude>
    <ClInclude Include="src\DebugNodesModule.h">
      <Filter>Header Files</Filter>
    </ClInclude>
    <ClInclude Include="src\LedMatrixUi.h">
      <Filter>Header Files</Filter>
    </ClInclude>
    <ClInclude Include="src\NeoPixelModule.h">
      <Filter>Header Files</Filter>
    </ClInclude>
    <ClInclude Include="src\PwmModule.h">
      <Filter>Header Files</Filter>
    </ClInclude>
    <ClInclude Include="src\RadioRemoteModule.h">
      <Filter>Header Files</Filter>
    </ClInclude>
    <ClInclude Include="src\TemperatureModule.h">
      <Filter>Header Files</Filter>
    </ClInclude>
    <ClInclude Include="src\WolModule.h">
      <Filter>Header Files</Filter>
    </ClInclude>
    <ClInclude Include="src\Libraries\Adafruit_PWMServoDriver.h">
      <Filter>Header Files</Filter>
    </ClInclude>
    <ClInclude Include="src\Libraries\cp437font.h">
      <Filter>Header Files</Filter>
    </ClInclude>
    <ClInclude Include="src\Libraries\LedMatrix.h">
      <Filter>Header Files</Filter>
    </ClInclude>
    <ClInclude Include="src\Libraries\OrnoGb405Remote.h">
      <Filter>Header Files</Filter>
    </ClInclude>
    <ClInclude Include="src\Libraries\OrnoSmartLivingRemote.h">
      <Filter>Header Files</Filter>
    </ClInclude>
    <ClInclude Include="__vm\.ContiModules.vsarduino.h">
      <Filter>Header Files</Filter>
    </ClInclude>
    <ClInclude Include="src\Libraries\RcSwitchPatched\RCSwitch.h">
      <Filter>Header Files</Filter>
    </ClInclude>
    <ClInclude Include="src\Libraries\OrnoGb417PbRemote.h">
      <Filter>Header Files</Filter>
    </ClInclude>
    <ClInclude Include="src\HumidityModule.h">
      <Filter>Header Files</Filter>
    </ClInclude>
    <ClInclude Include="src\Libraries\DHT\DHTesp.h">
      <Filter>Header Files</Filter>
    </ClInclude>
    <ClInclude Include="src\Libraries\DHT\DHT.h">
      <Filter>Header Files</Filter>
    </ClInclude>
    <ClInclude Include="src\DisplayModule.h">
      <Filter>Header Files</Filter>
    </ClInclude>
    <ClInclude Include="src\Libraries\SSD1306\OLEDDisplay.h">
      <Filter>Header Files</Filter>
    </ClInclude>
    <ClInclude Include="src\Libraries\SSD1306\OLEDDisplayFonts.h">
      <Filter>Header Files</Filter>
    </ClInclude>
    <ClInclude Include="src\Libraries\SSD1306\OLEDDisplayUi.h">
      <Filter>Header Files</Filter>
    </ClInclude>
    <ClInclude Include="src\Libraries\SSD1306\SH1106.h">
      <Filter>Header Files</Filter>
    </ClInclude>
    <ClInclude Include="src\Libraries\SSD1306\SH1106Brzo.h">
      <Filter>Header Files</Filter>
    </ClInclude>
    <ClInclude Include="src\Libraries\SSD1306\SH1106Spi.h">
      <Filter>Header Files</Filter>
    </ClInclude>
    <ClInclude Include="src\Libraries\SSD1306\SH1106Wire.h">
      <Filter>Header Files</Filter>
    </ClInclude>
    <ClInclude Include="src\Libraries\SSD1306\SSD1306.h">
      <Filter>Header Files</Filter>
    </ClInclude>
    <ClInclude Include="src\Libraries\SSD1306\SSD1306Brzo.h">
      <Filter>Header Files</Filter>
    </ClInclude>
    <ClInclude Include="src\Libraries\SSD1306\SSD1306Spi.h">
      <Filter>Header Files</Filter>
    </ClInclude>
    <ClInclude Include="src\Libraries\SSD1306\SSD1306Wire.h">
      <Filter>Header Files</Filter>
    </ClInclude>
    <ClInclude Include="src\Bme280Module.h">
      <Filter>Header Files</Filter>
    </ClInclude>
    <ClInclude Include="src\FastLedModule.h">
      <Filter>Header Files</Filter>
    </ClInclude>
    <ClInclude Include="src\Libraries\BH1750\ErriezBH1750.h">
      <Filter>Header Files</Filter>
    </ClInclude>
    <ClInclude Include="src\Libraries\BH1750\ErriezBH1750_regs.h">
      <Filter>Header Files</Filter>
    </ClInclude>
    <ClInclude Include="src\Bh1750Module.h">
      <Filter>Header Files</Filter>
    </ClInclude>
    <ClInclude Include="src\Libraries\BME280\BME280.h">
      <Filter>Header Files</Filter>
    </ClInclude>
    <ClInclude Include="src\Libraries\BME280\BME280I2C.h">
      <Filter>Header Files</Filter>
    </ClInclude>
    <ClInclude Include="src\Libraries\Ccs811\SparkFunCCS811.h">
      <Filter>Header Files</Filter>
    </ClInclude>
    <ClInclude Include="src\Ccs811Module.h">
      <Filter>Header Files</Filter>
    </ClInclude>
    <ClInclude Include="src\Libraries\HDC1080\ClosedCube_HDC1080.h">
      <Filter>Header Files</Filter>
    </ClInclude>
    <ClInclude Include="src\Hdc1080Module.h">
      <Filter>Header Files</Filter>
    </ClInclude>
    <ClInclude Include="src\IrModule.h">
      <Filter>Header Files</Filter>
    </ClInclude>
    <ClInclude Include="src\Libraries\IrRemote\boarddefs.h">
      <Filter>Header Files</Filter>
    </ClInclude>
    <ClInclude Include="src\Libraries\IrRemote\ir_Lego_PF_BitStreamEncoder.h">
      <Filter>Header Files</Filter>
    </ClInclude>
    <ClInclude Include="src\Libraries\IrRemote\IRremote.h">
      <Filter>Header Files</Filter>
    </ClInclude>
    <ClInclude Include="src\Libraries\IrRemote\IRremoteInt.h">
      <Filter>Header Files</Filter>
    </ClInclude>
    <ClInclude Include="src\Sds011Module.h">
      <Filter>Header Files</Filter>
    </ClInclude>
    <ClInclude Include="src\Libraries\Sds011\SDS011.h">
      <Filter>Header Files</Filter>
    </ClInclude>
    <ClInclude Include="src\Libraries\FastLED\bitswap.h">
      <Filter>Header Files</Filter>
    </ClInclude>
    <ClInclude Include="src\Libraries\FastLED\chipsets.h">
      <Filter>Header Files</Filter>
    </ClInclude>
    <ClInclude Include="src\Libraries\FastLED\color.h">
      <Filter>Header Files</Filter>
    </ClInclude>
    <ClInclude Include="src\Libraries\FastLED\colorpalettes.h">
      <Filter>Header Files</Filter>
    </ClInclude>
    <ClInclude Include="src\Libraries\FastLED\colorutils.h">
      <Filter>Header Files</Filter>
    </ClInclude>
    <ClInclude Include="src\Libraries\FastLED\controller.h">
      <Filter>Header Files</Filter>
    </ClInclude>
    <ClInclude Include="src\Libraries\FastLED\cpp_compat.h">
      <Filter>Header Files</Filter>
    </ClInclude>
    <ClInclude Include="src\Libraries\FastLED\dmx.h">
      <Filter>Header Files</Filter>
    </ClInclude>
    <ClInclude Include="src\Libraries\FastLED\FastLED.h">
      <Filter>Header Files</Filter>
    </ClInclude>
    <ClInclude Include="src\Libraries\FastLED\fastled_config.h">
      <Filter>Header Files</Filter>
    </ClInclude>
    <ClInclude Include="src\Libraries\FastLED\fastled_delay.h">
      <Filter>Header Files</Filter>
    </ClInclude>
    <ClInclude Include="src\Libraries\FastLED\fastled_progmem.h">
      <Filter>Header Files</Filter>
    </ClInclude>
    <ClInclude Include="src\Libraries\FastLED\fastpin.h">
      <Filter>Header Files</Filter>
    </ClInclude>
    <ClInclude Include="src\Libraries\FastLED\fastspi.h">
      <Filter>Header Files</Filter>
    </ClInclude>
    <ClInclude Include="src\Libraries\FastLED\fastspi_bitbang.h">
      <Filter>Header Files</Filter>
    </ClInclude>
    <ClInclude Include="src\Libraries\FastLED\fastspi_dma.h">
      <Filter>Header Files</Filter>
    </ClInclude>
    <ClInclude Include="src\Libraries\FastLED\fastspi_nop.h">
      <Filter>Header Files</Filter>
    </ClInclude>
    <ClInclude Include="src\Libraries\FastLED\fastspi_ref.h">
      <Filter>Header Files</Filter>
    </ClInclude>
    <ClInclude Include="src\Libraries\FastLED\fastspi_types.h">
      <Filter>Header Files</Filter>
    </ClInclude>
    <ClInclude Include="src\Libraries\FastLED\hsv2rgb.h">
      <Filter>Header Files</Filter>
    </ClInclude>
    <ClInclude Include="src\Libraries\FastLED\led_sysdefs.h">
      <Filter>Header Files</Filter>
    </ClInclude>
    <ClInclude Include="src\Libraries\FastLED\lib8tion.h">
      <Filter>Header Files</Filter>
    </ClInclude>
    <ClInclude Include="src\Libraries\FastLED\noise.h">
      <Filter>Header Files</Filter>
    </ClInclude>
    <ClInclude Include="src\Libraries\FastLED\pixelset.h">
      <Filter>Header Files</Filter>
    </ClInclude>
    <ClInclude Include="src\Libraries\FastLED\pixeltypes.h">
      <Filter>Header Files</Filter>
    </ClInclude>
    <ClInclude Include="src\Libraries\FastLED\platforms.h">
      <Filter>Header Files</Filter>
    </ClInclude>
    <ClInclude Include="src\Libraries\FastLED\power_mgt.h">
      <Filter>Header Files</Filter>
    </ClInclude>
    <ClInclude Include="src\Libraries\DallasTemperature\DallasTemperature.h">
      <Filter>Header Files</Filter>
    </ClInclude>
    <ClInclude Include="src\Libraries\OneWire\OneWire.h">
      <Filter>Header Files</Filter>
    </ClInclude>
  </ItemGroup>
  <ItemGroup>
    <Text Include="src\Libraries\SSD1306\library.origin.txt" />
    <Text Include="src\Libraries\BH1750\library.origin.txt" />
    <Text Include="src\Libraries\Ccs811\_library.origin.txt" />
    <Text Include="src\Libraries\IrRemote\keywords.txt" />
    <Text Include="src\Libraries\IrRemote\LICENSE.txt" />
    <Text Include="src\Libraries\Sds011\_library.origin.txt" />
    <Text Include="src\Libraries\FastLED\keywords.txt" />
    <Text Include="src\Libraries\FastLED\preview_changes.txt" />
    <Text Include="src\Libraries\DallasTemperature\change.txt" />
    <Text Include="src\Libraries\DallasTemperature\keywords.txt" />
    <Text Include="src\Libraries\OneWire\keywords.txt" />
    <Text Include="src\Libraries\OneWire\vs-readme.txt" />
  </ItemGroup>
</Project>